{
  "pins" : [
    {
      "identity" : "graphicsrenderer",
      "kind" : "remoteSourceControl",
      "location" : "https://github.com/shaps80/GraphicsRenderer",
      "state" : {
        "revision" : "fa9b28096ea13eb59333a02d616244482ad6039f",
        "version" : "1.4.4"
      }
    },
    {
      "identity" : "gzipswift",
      "kind" : "remoteSourceControl",
      "location" : "https://github.com/1024jp/GzipSwift",
      "state" : {
        "branch" : "develop",
        "revision" : "e99ced22d05d7933377cd24cc147651f58948a65"
      }
    },
    {
      "identity" : "swift-collections",
      "kind" : "remoteSourceControl",
      "location" : "https://github.com/apple/swift-collections.git",
      "state" : {
        "revision" : "48254824bb4248676bf7ce56014ff57b142b77eb",
        "version" : "1.0.2"
      }
    },
    {
      "identity" : "viewinspector",
      "kind" : "remoteSourceControl",
      "location" : "https://github.com/nalexn/ViewInspector",
      "state" : {
        "revision" : "6b88c4ec1fa20cf38f2138052e63c8e79df5d76e",
        "version" : "0.9.1"
      }
    }
  ],
  "version" : 2
}
